
Microsoft Visual Studio Solution File, Format Version 12.00
# Visual Studio 15
VisualStudioVersion = 15.0.26430.12
MinimumVisualStudioVersion = 10.0.40219.1
Project("{FAE04EC0-301F-11D3-BF4B-00C04F79EFBC}") = "PersonMatcher", "PersonMatcher\PersonMatcher.csproj", "{F9468BEA-EA40-4585-9F1B-71C271C61DD1}"
EndProject
Project("{FAE04EC0-301F-11D3-BF4B-00C04F79EFBC}") = "MyClasses", "MyClasses\MyClasses.csproj", "{2462150D-9088-4AD0-AA58-AC8BDC2E2EEE}"
EndProject
Project("{FAE04EC0-301F-11D3-BF4B-00C04F79EFBC}") = "UnitTestProject1", "UnitTestProject1\UnitTestProject1.csproj", "{FAC9432C-06EF-4A3E-BD0E-8769BEE1D0E1}"
EndProject
Global
	GlobalSection(SolutionConfigurationPlatforms) = preSolution
		Debug|Any CPU = Debug|Any CPU
		Debug|ARM = Debug|ARM
		Debug|x64 = Debug|x64
		Debug|x86 = Debug|x86
		Release|Any CPU = Release|Any CPU
		Release|ARM = Release|ARM
		Release|x64 = Release|x64
		Release|x86 = Release|x86
	EndGlobalSection
	GlobalSection(ProjectConfigurationPlatforms) = postSolution
		{F9468BEA-EA40-4585-9F1B-71C271C61DD1}.Debug|Any CPU.ActiveCfg = Debug|Any CPU
		{F9468BEA-EA40-4585-9F1B-71C271C61DD1}.Debug|Any CPU.Build.0 = Debug|Any CPU
		{F9468BEA-EA40-4585-9F1B-71C271C61DD1}.Debug|ARM.ActiveCfg = Debug|Any CPU
		{F9468BEA-EA40-4585-9F1B-71C271C61DD1}.Debug|ARM.Build.0 = Debug|Any CPU
		{F9468BEA-EA40-4585-9F1B-71C271C61DD1}.Debug|x64.ActiveCfg = Debug|Any CPU
		{F9468BEA-EA40-4585-9F1B-71C271C61DD1}.Debug|x64.Build.0 = Debug|Any CPU
		{F9468BEA-EA40-4585-9F1B-71C271C61DD1}.Debug|x86.ActiveCfg = Debug|Any CPU
		{F9468BEA-EA40-4585-9F1B-71C271C61DD1}.Debug|x86.Build.0 = Debug|Any CPU
		{F9468BEA-EA40-4585-9F1B-71C271C61DD1}.Release|Any CPU.ActiveCfg = Release|Any CPU
		{F9468BEA-EA40-4585-9F1B-71C271C61DD1}.Release|Any CPU.Build.0 = Release|Any CPU
		{F9468BEA-EA40-4585-9F1B-71C271C61DD1}.Release|ARM.ActiveCfg = Release|Any CPU
		{F9468BEA-EA40-4585-9F1B-71C271C61DD1}.Release|ARM.Build.0 = Release|Any CPU
		{F9468BEA-EA40-4585-9F1B-71C271C61DD1}.Release|x64.ActiveCfg = Release|Any CPU
		{F9468BEA-EA40-4585-9F1B-71C271C61DD1}.Release|x64.Build.0 = Release|Any CPU
		{F9468BEA-EA40-4585-9F1B-71C271C61DD1}.Release|x86.ActiveCfg = Release|Any CPU
		{F9468BEA-EA40-4585-9F1B-71C271C61DD1}.Release|x86.Build.0 = Release|Any CPU
		{2462150D-9088-4AD0-AA58-AC8BDC2E2EEE}.Debug|Any CPU.ActiveCfg = Debug|Any CPU
		{2462150D-9088-4AD0-AA58-AC8BDC2E2EEE}.Debug|Any CPU.Build.0 = Debug|Any CPU
		{2462150D-9088-4AD0-AA58-AC8BDC2E2EEE}.Debug|ARM.ActiveCfg = Debug|Any CPU
		{2462150D-9088-4AD0-AA58-AC8BDC2E2EEE}.Debug|ARM.Build.0 = Debug|Any CPU
		{2462150D-9088-4AD0-AA58-AC8BDC2E2EEE}.Debug|x64.ActiveCfg = Debug|Any CPU
		{2462150D-9088-4AD0-AA58-AC8BDC2E2EEE}.Debug|x64.Build.0 = Debug|Any CPU
		{2462150D-9088-4AD0-AA58-AC8BDC2E2EEE}.Debug|x86.ActiveCfg = Debug|Any CPU
		{2462150D-9088-4AD0-AA58-AC8BDC2E2EEE}.Debug|x86.Build.0 = Debug|Any CPU
		{2462150D-9088-4AD0-AA58-AC8BDC2E2EEE}.Release|Any CPU.ActiveCfg = Release|Any CPU
		{2462150D-9088-4AD0-AA58-AC8BDC2E2EEE}.Release|Any CPU.Build.0 = Release|Any CPU
		{2462150D-9088-4AD0-AA58-AC8BDC2E2EEE}.Release|ARM.ActiveCfg = Release|Any CPU
		{2462150D-9088-4AD0-AA58-AC8BDC2E2EEE}.Release|ARM.Build.0 = Release|Any CPU
		{2462150D-9088-4AD0-AA58-AC8BDC2E2EEE}.Release|x64.ActiveCfg = Release|Any CPU
		{2462150D-9088-4AD0-AA58-AC8BDC2E2EEE}.Release|x64.Build.0 = Release|Any CPU
		{2462150D-9088-4AD0-AA58-AC8BDC2E2EEE}.Release|x86.ActiveCfg = Release|Any CPU
		{2462150D-9088-4AD0-AA58-AC8BDC2E2EEE}.Release|x86.Build.0 = Release|Any CPU
		{FAC9432C-06EF-4A3E-BD0E-8769BEE1D0E1}.Debug|Any CPU.ActiveCfg = Debug|Any CPU
		{FAC9432C-06EF-4A3E-BD0E-8769BEE1D0E1}.Debug|Any CPU.Build.0 = Debug|Any CPU
		{FAC9432C-06EF-4A3E-BD0E-8769BEE1D0E1}.Debug|ARM.ActiveCfg = Debug|Any CPU
		{FAC9432C-06EF-4A3E-BD0E-8769BEE1D0E1}.Debug|ARM.Build.0 = Debug|Any CPU
		{FAC9432C-06EF-4A3E-BD0E-8769BEE1D0E1}.Debug|x64.ActiveCfg = Debug|Any CPU
		{FAC9432C-06EF-4A3E-BD0E-8769BEE1D0E1}.Debug|x64.Build.0 = Debug|Any CPU
		{FAC9432C-06EF-4A3E-BD0E-8769BEE1D0E1}.Debug|x86.ActiveCfg = Debug|Any CPU
		{FAC9432C-06EF-4A3E-BD0E-8769BEE1D0E1}.Debug|x86.Build.0 = Debug|Any CPU
		{FAC9432C-06EF-4A3E-BD0E-8769BEE1D0E1}.Release|Any CPU.ActiveCfg = Release|Any CPU
		{FAC9432C-06EF-4A3E-BD0E-8769BEE1D0E1}.Release|Any CPU.Build.0 = Release|Any CPU
		{FAC9432C-06EF-4A3E-BD0E-8769BEE1D0E1}.Release|ARM.ActiveCfg = Release|Any CPU
		{FAC9432C-06EF-4A3E-BD0E-8769BEE1D0E1}.Release|ARM.Build.0 = Release|Any CPU
		{FAC9432C-06EF-4A3E-BD0E-8769BEE1D0E1}.Release|x64.ActiveCfg = Release|Any CPU
		{FAC9432C-06EF-4A3E-BD0E-8769BEE1D0E1}.Release|x64.Build.0 = Release|Any CPU
		{FAC9432C-06EF-4A3E-BD0E-8769BEE1D0E1}.Release|x86.ActiveCfg = Release|Any CPU
		{FAC9432C-06EF-4A3E-BD0E-8769BEE1D0E1}.Release|x86.Build.0 = Release|Any CPU
	EndGlobalSection
	GlobalSection(SolutionProperties) = preSolution
		HideSolutionNode = FALSE
	EndGlobalSection
EndGlobal
