
Microsoft Visual Studio Solution File, Format Version 12.00
# Visual Studio 15
VisualStudioVersion = 15.0.26430.12
MinimumVisualStudioVersion = 10.0.40219.1
Project("{FAE04EC0-301F-11D3-BF4B-00C04F79EFBC}") = "UMLProgram", "UMLProgram\UMLProgram.csproj", "{EF3D8BC6-F292-4E02-BD6B-D31C07B329D6}"
EndProject
Project("{FAE04EC0-301F-11D3-BF4B-00C04F79EFBC}") = "AppLayer", "AppLayer\AppLayer.csproj", "{531005AA-803E-4EAC-9B1E-BACD266A5255}"
EndProject
Global
	GlobalSection(SolutionConfigurationPlatforms) = preSolution
		Debug|Any CPU = Debug|Any CPU
		Release|Any CPU = Release|Any CPU
	EndGlobalSection
	GlobalSection(ProjectConfigurationPlatforms) = postSolution
		{EF3D8BC6-F292-4E02-BD6B-D31C07B329D6}.Debug|Any CPU.ActiveCfg = Debug|Any CPU
		{EF3D8BC6-F292-4E02-BD6B-D31C07B329D6}.Debug|Any CPU.Build.0 = Debug|Any CPU
		{EF3D8BC6-F292-4E02-BD6B-D31C07B329D6}.Release|Any CPU.ActiveCfg = Release|Any CPU
		{EF3D8BC6-F292-4E02-BD6B-D31C07B329D6}.Release|Any CPU.Build.0 = Release|Any CPU
		{531005AA-803E-4EAC-9B1E-BACD266A5255}.Debug|Any CPU.ActiveCfg = Debug|Any CPU
		{531005AA-803E-4EAC-9B1E-BACD266A5255}.Debug|Any CPU.Build.0 = Debug|Any CPU
		{531005AA-803E-4EAC-9B1E-BACD266A5255}.Release|Any CPU.ActiveCfg = Release|Any CPU
		{531005AA-803E-4EAC-9B1E-BACD266A5255}.Release|Any CPU.Build.0 = Release|Any CPU
	EndGlobalSection
	GlobalSection(SolutionProperties) = preSolution
		HideSolutionNode = FALSE
	EndGlobalSection
EndGlobal
